// !$*UTF8*$!
{
	archiveVersion = 1;
	classes = {
	};
	objectVersion = 56;
	objects = {

/* Begin PBXBuildFile section */
		1234567890ABCDE1 /* SpeedTestProApp.swift in Sources */ = {isa = PBXBuildFile; fileRef = 1234567890ABCDE0 /* SpeedTestProApp.swift */; };
		1234567890ABCDE3 /* ContentView.swift in Sources */ = {isa = PBXBuildFile; fileRef = 1234567890ABCDE2 /* ContentView.swift */; };
		1234567890ABCDE5 /* Assets.xcassets in Resources */ = {isa = PBXBuildFile; fileRef = 1234567890ABCDE4 /* Assets.xcassets */; };
		1234567890ABCDE8 /* Preview Assets.xcassets in Resources */ = {isa = PBXBuildFile; fileRef = 1234567890ABCDE7 /* Preview Assets.xcassets */; };
		1234567890ABCDEA /* LaunchScreen.storyboard in Resources */ = {isa = PBXBuildFile; fileRef = 1234567890ABCDE9 /* LaunchScreen.storyboard */; };
		1234567890ABCDEC /* HomeView.swift in Sources */ = {isa = PBXBuildFile; fileRef = 1234567890ABCDEB /* HomeView.swift */; };
		1234567890ABCDEE /* TestResultsView.swift in Sources */ = {isa = PBXBuildFile; fileRef = 1234567890ABCDED /* TestResultsView.swift */; };
		1234567890ABCDF0 /* HistoryView.swift in Sources */ = {isa = PBXBuildFile; fileRef = 1234567890ABCDEF /* HistoryView.swift */; };
		1234567890ABCDF2 /* SettingsView.swift in Sources */ = {isa = PBXBuildFile; fileRef = 1234567890ABCDF1 /* SettingsView.swift */; };
		1234567890ABCDF4 /* SpeedTestViewModel.swift in Sources */ = {isa = PBXBuildFile; fileRef = 1234567890ABCDF3 /* SpeedTestViewModel.swift */; };
		1234567890ABCDF6 /* SpeedTestManager.swift in Sources */ = {isa = PBXBuildFile; fileRef = 1234567890ABCDF5 /* SpeedTestManager.swift */; };
		1234567890ABCDF8 /* NetworkUtils.swift in Sources */ = {isa = PBXBuildFile; fileRef = 1234567890ABCDF7 /* NetworkUtils.swift */; };
		1234567890ABCDFA /* TestHistory.swift in Sources */ = {isa = PBXBuildFile; fileRef = 1234567890ABCDF9 /* TestHistory.swift */; };
		1234567890ABCDFC /* AppSettings.swift in Sources */ = {isa = PBXBuildFile; fileRef = 1234567890ABCDFB /* AppSettings.swift */; };
/* End PBXBuildFile section */

/* Begin PBXFileReference section */
		1234567890ABCDDD /* SpeedTestPro.app */ = {isa = PBXFileReference; explicitFileType = wrapper.application; includeInIndex = 0; path = SpeedTestPro.app; sourceTree = BUILT_PRODUCTS_DIR; };
		1234567890ABCDE0 /* SpeedTestProApp.swift */ = {isa = PBXFileReference; lastKnownFileType = sourcecode.swift; path = SpeedTestProApp.swift; sourceTree = "<group>"; };
		1234567890ABCDE2 /* ContentView.swift */ = {isa = PBXFileReference; lastKnownFileType = sourcecode.swift; path = ContentView.swift; sourceTree = "<group>"; };
		1234567890ABCDE4 /* Assets.xcassets */ = {isa = PBXFileReference; lastKnownFileType = folder.assetcatalog; path = Assets.xcassets; sourceTree = "<group>"; };
		1234567890ABCDE7 /* Preview Assets.xcassets */ = {isa = PBXFileReference; lastKnownFileType = folder.assetcatalog; path = "Preview Assets.xcassets"; sourceTree = "<group>"; };
		1234567890ABCDE9 /* LaunchScreen.storyboard */ = {isa = PBXFileReference; lastKnownFileType = file.storyboard; path = LaunchScreen.storyboard; sourceTree = "<group>"; };
		1234567890ABCDEB /* HomeView.swift */ = {isa = PBXFileReference; lastKnownFileType = sourcecode.swift; path = HomeView.swift; sourceTree = "<group>"; };
		1234567890ABCDED /* TestResultsView.swift */ = {isa = PBXFileReference; lastKnownFileType = sourcecode.swift; path = TestResultsView.swift; sourceTree = "<group>"; };
		1234567890ABCDEF /* HistoryView.swift */ = {isa = PBXFileReference; lastKnownFileType = sourcecode.swift; path = HistoryView.swift; sourceTree = "<group>"; };
		1234567890ABCDF1 /* SettingsView.swift */ = {isa = PBXFileReference; lastKnownFileType = sourcecode.swift; path = SettingsView.swift; sourceTree = "<group>"; };
		1234567890ABCDF3 /* SpeedTestViewModel.swift */ = {isa = PBXFileReference; lastKnownFileType = sourcecode.swift; path = SpeedTestViewModel.swift; sourceTree = "<group>"; };
		1234567890ABCDF5 /* SpeedTestManager.swift */ = {isa = PBXFileReference; lastKnownFileType = sourcecode.swift; path = SpeedTestManager.swift; sourceTree = "<group>"; };
		1234567890ABCDF7 /* NetworkUtils.swift */ = {isa = PBXFileReference; lastKnownFileType = sourcecode.swift; path = NetworkUtils.swift; sourceTree = "<group>"; };
		1234567890ABCDF9 /* TestHistory.swift */ = {isa = PBXFileReference; lastKnownFileType = sourcecode.swift; path = TestHistory.swift; sourceTree = "<group>"; };
		1234567890ABCDFB /* AppSettings.swift */ = {isa = PBXFileReference; lastKnownFileType = sourcecode.swift; path = AppSettings.swift; sourceTree = "<group>"; };
		1234567890ABCDFD /* Info.plist */ = {isa = PBXFileReference; lastKnownFileType = text.plist.xml; path = Info.plist; sourceTree = "<group>"; };
/* End PBXFileReference section */

/* Begin PBXFrameworksBuildPhase section */
		1234567890ABCDDA /* Frameworks */ = {
			isa = PBXFrameworksBuildPhase;
			buildActionMask = 2147483647;
			files = (
			);
			runOnlyForDeploymentPostprocessing = 0;
		};
/* End PBXFrameworksBuildPhase section */

/* Begin PBXGroup section */
		1234567890ABCDD4 = {
			isa = PBXGroup;
			children = (
				1234567890ABCDDF /* SpeedTestPro */,
				1234567890ABCDDE /* Products */,
			);
			sourceTree = "<group>";
		};
		1234567890ABCDDE /* Products */ = {
			isa = PBXGroup;
			children = (
				1234567890ABCDDD /* SpeedTestPro.app */,
			);
			name = Products;
			sourceTree = "<group>";
		};
		1234567890ABCDDF /* SpeedTestPro */ = {
			isa = PBXGroup;
			children = (
				1234567890ABCE00 /* Views */,
				1234567890ABCE01 /* ViewModels */,
				1234567890ABCE02 /* Models */,
				1234567890ABCE03 /* Services */,
				1234567890ABCE04 /* Utils */,
				1234567890ABCDE0 /* SpeedTestProApp.swift */,
				1234567890ABCDE4 /* Assets.xcassets */,
				1234567890ABCDE9 /* LaunchScreen.storyboard */,
				1234567890ABCDFD /* Info.plist */,
				1234567890ABCDE6 /* Preview Content */,
			);
			path = SpeedTestPro;
			sourceTree = "<group>";
		};
		1234567890ABCDE6 /* Preview Content */ = {
			isa = PBXGroup;
			children = (
				1234567890ABCDE7 /* Preview Assets.xcassets */,
			);
			path = "Preview Content";
			sourceTree = "<group>";
		};
		1234567890ABCE00 /* Views */ = {
			isa = PBXGroup;
			children = (
				1234567890ABCDE2 /* ContentView.swift */,
				1234567890ABCDEB /* HomeView.swift */,
				1234567890ABCDED /* TestResultsView.swift */,
				1234567890ABCDEF /* HistoryView.swift */,
				1234567890ABCDF1 /* SettingsView.swift */,
			);
			path = Views;
			sourceTree = "<group>";
		};
		1234567890ABCE01 /* ViewModels */ = {
			isa = PBXGroup;
			children = (
				1234567890ABCDF3 /* SpeedTestViewModel.swift */,
			);
			path = ViewModels;
			sourceTree = "<group>";
		};
		1234567890ABCE02 /* Models */ = {
			isa = PBXGroup;
			children = (
				1234567890ABCDF9 /* TestHistory.swift */,
				1234567890ABCDFB /* AppSettings.swift */,
			);
			path = Models;
			sourceTree = "<group>";
		};
		1234567890ABCE03 /* Services */ = {
			isa = PBXGroup;
			children = (
				1234567890ABCDF5 /* SpeedTestManager.swift */,
			);
			path = Services;
			sourceTree = "<group>";
		};
		1234567890ABCE04 /* Utils */ = {
			isa = PBXGroup;
			children = (
				1234567890ABCDF7 /* NetworkUtils.swift */,
			);
			path = Utils;
			sourceTree = "<group>";
		};
/* End PBXGroup section */

/* Begin PBXNativeTarget section */
		1234567890ABCDDC /* SpeedTestPro */ = {
			isa = PBXNativeTarget;
			buildConfigurationList = 1234567890ABCE05 /* Build configuration list for PBXNativeTarget "SpeedTestPro" */;
			buildPhases = (
				1234567890ABCDD9 /* Sources */,
				1234567890ABCDDA /* Frameworks */,
				1234567890ABCDDB /* Resources */,
			);
			buildRules = (
			);
			dependencies = (
			);
			name = SpeedTestPro;
			productName = SpeedTestPro;
			productReference = 1234567890ABCDDD /* SpeedTestPro.app */;
			productType = "com.apple.product-type.application";
		};
/* End PBXNativeTarget section */

/* Begin PBXProject section */
		1234567890ABCDD5 /* Project object */ = {
			isa = PBXProject;
			attributes = {
				BuildIndependentTargetsInParallel = 1;
				LastSwiftUpdateCheck = 1500;
				LastUpgradeCheck = 1500;
				TargetAttributes = {
					1234567890ABCDDC = {
						CreatedOnToolsVersion = 15.0;
					};
				};
			};
			buildConfigurationList = 1234567890ABCDD8 /* Build configuration list for PBXProject "SpeedTestPro" */;
			compatibilityVersion = "Xcode 14.0";
			developmentRegion = en;
			hasScannedForEncodings = 0;
			knownRegions = (
				en,
				Base,
			);
			mainGroup = 1234567890ABCDD4;
			productRefGroup = 1234567890ABCDDE /* Products */;
			projectDirPath = "";
			projectRoot = "";
			targets = (
				1234567890ABCDDC /* SpeedTestPro */,
			);
		};
/* End PBXProject section */

/* Begin PBXResourcesBuildPhase section */
		1234567890ABCDDB /* Resources */ = {
			isa = PBXResourcesBuildPhase;
			buildActionMask = 2147483647;
			files = (
				1234567890ABCDE8 /* Preview Assets.xcassets in Resources */,
				1234567890ABCDE5 /* Assets.xcassets in Resources */,
				1234567890ABCDEA /* LaunchScreen.storyboard in Resources */,
			);
			runOnlyForDeploymentPostprocessing = 0;
		};
/* End PBXResourcesBuildPhase section */

/* Begin PBXSourcesBuildPhase section */
		1234567890ABCDD9 /* Sources */ = {
			isa = PBXSourcesBuildPhase;
			buildActionMask = 2147483647;
			files = (
				1234567890ABCDE3 /* ContentView.swift in Sources */,
				1234567890ABCDF4 /* SpeedTestViewModel.swift in Sources */,
				1234567890ABCDF6 /* SpeedTestManager.swift in Sources */,
				1234567890ABCDF8 /* NetworkUtils.swift in Sources */,
				1234567890ABCDEC /* HomeView.swift in Sources */,
				1234567890ABCDEE /* TestResultsView.swift in Sources */,
				1234567890ABCDF0 /* HistoryView.swift in Sources */,
				1234567890ABCDF2 /* SettingsView.swift in Sources */,
				1234567890ABCDFA /* TestHistory.swift in Sources */,
				1234567890ABCDFC /* AppSettings.swift in Sources */,
				1234567890ABCDE1 /* SpeedTestProApp.swift in Sources */,
			);
			runOnlyForDeploymentPostprocessing = 0;
		};
/* End PBXSourcesBuildPhase section */

/* Begin XCBuildConfiguration section */
		1234567890ABCE06 /* Debug */ = {
			isa = XCBuildConfiguration;
			buildSettings = {
				ALWAYS_SEARCH_USER_PATHS = NO;
				ASSETCATALOG_COMPILER_GENERATE_SWIFT_ASSET_SYMBOL_EXTENSIONS = YES;
				CLANG_ANALYZER_NONNULL = YES;
				CLANG_ANALYZER_NUMBER_OBJECT_CONVERSION = YES_AGGRESSIVE;
				CLANG_CXX_LANGUAGE_STANDARD = "gnu++20";
				CLANG_ENABLE_MODULES = YES;
				CLANG_ENABLE_OBJC_ARC = YES;
				CLANG_ENABLE_OBJC_WEAK = YES;
				CLANG_WARN_BLOCK_CAPTURE_AUTORELEASING = YES;
				CLANG_WARN_BOOL_CONVERSION = YES;
				CLANG_WARN_COMMA = YES;
				CLANG_WARN_CONSTANT_CONVERSION = YES;
				CLANG_WARN_DEPRECATED_OBJC_IMPLEMENTATIONS = YES;
				CLANG_WARN_DIRECT_OBJC_ISA_USAGE = YES_ERROR;
				CLANG_WARN_DOCUMENTATION_COMMENTS = YES;
				CLANG_WARN_EMPTY_BODY = YES;
				CLANG_WARN_ENUM_CONVERSION = YES;
				CLANG_WARN_INFINITE_RECURSION = YES;
				CLANG_WARN_INT_CONVERSION = YES;
				CLANG_WARN_NON_LITERAL_NULL_CONVERSION = YES;
				CLANG_WARN_OBJC_IMPLICIT_RETAIN_SELF = YES;
				CLANG_WARN_OBJC_LITERAL_CONVERSION = YES;
				CLANG_WARN_OBJC_ROOT_CLASS = YES_ERROR;
				CLANG_WARN_QUOTED_INCLUDE_IN_FRAMEWORK_HEADER = YES;
				CLANG_WARN_RANGE_LOOP_ANALYSIS = YES;
				CLANG_WARN_STRICT_PROTOTYPES = YES;
				CLANG_WARN_SUSPICIOUS_MOVE = YES;
				CLANG_WARN_UNGUARDED_AVAILABILITY = YES_AGGRESSIVE;
				CLANG_WARN_UNREACHABLE_CODE = YES;
				CLANG_WARN__DUPLICATE_METHOD_MATCH = YES;
				COPY_PHASE_STRIP = NO;
				DEBUG_INFORMATION_FORMAT = dwarf;
				ENABLE_STRICT_OBJC_MSGSEND = YES;
				ENABLE_TESTABILITY = YES;
				ENABLE_USER_SCRIPT_SANDBOXING = YES;
				GCC_C_LANGUAGE_STANDARD = gnu17;
				GCC_DYNAMIC_NO_PIC = NO;
				GCC_NO_COMMON_BLOCKS = YES;
				GCC_OPTIMIZATION_LEVEL = 0;
				GCC_PREPROCESSOR_DEFINITIONS = (
					"DEBUG=1",
					"$(inherited)",
				);
				GCC_WARN_64_TO_32_BIT_CONVERSION = YES;
				GCC_WARN_ABOUT_RETURN_TYPE = YES_ERROR;
				GCC_WARN_UNDECLARED_SELECTOR = YES;
				GCC_WARN_UNINITIALIZED_AUTOS = YES_AGGRESSIVE;
				GCC_WARN_UNUSED_FUNCTION = YES;
				GCC_WARN_UNUSED_VARIABLE = YES;
				IPHONEOS_DEPLOYMENT_TARGET = 17.0;
				LOCALIZATION_PREFERS_STRING_CATALOGS = YES;
				MTL_ENABLE_DEBUG_INFO = INCLUDE_SOURCE;
				MTL_FAST_MATH = YES;
				ONLY_ACTIVE_ARCH = YES;
				SDKROOT = iphoneos;
				SWIFT_ACTIVE_COMPILATION_CONDITIONS = "DEBUG $(inherited)";
				SWIFT_OPTIMIZATION_LEVEL = "-Onone";
			};
			name = Debug;
		};
		1234567890ABCE07 /* Release */ = {
			isa = XCBuildConfiguration;
			buildSettings = {
				ALWAYS_SEARCH_USER_PATHS = NO;
				ASSETCATALOG_COMPILER_GENERATE_SWIFT_ASSET_SYMBOL_EXTENSIONS = YES;
				CLANG_ANALYZER_NONNULL = YES;
				CLANG_ANALYZER_NUMBER_OBJECT_CONVERSION = YES_AGGRESSIVE;
				CLANG_CXX_LANGUAGE_STANDARD = "gnu++20";
				CLANG_ENABLE_MODULES = YES;
				CLANG_ENABLE_OBJC_ARC = YES;
				CLANG_ENABLE_OBJC_WEAK = YES;
				CLANG_WARN_BLOCK_CAPTURE_AUTORELEASING = YES;
				CLANG_WARN_BOOL_CONVERSION = YES;
				CLANG_WARN_COMMA = YES;
				CLANG_WARN_CONSTANT_CONVERSION = YES;
				CLANG_WARN_DEPRECATED_OBJC_IMPLEMENTATIONS = YES;
				CLANG_WARN_DIRECT_OBJC_ISA_USAGE = YES_ERROR;
				CLANG_WARN_DOCUMENTATION_COMMENTS = YES;
				CLANG_WARN_EMPTY_BODY = YES;
				CLANG_WARN_ENUM_CONVERSION = YES;
				CLANG_WARN_INFINITE_RECURSION = YES;
				CLANG_WARN_INT_CONVERSION = YES;
				CLANG_WARN_NON_LITERAL_NULL_CONVERSION = YES;
				CLANG_WARN_OBJC_IMPLICIT_RETAIN_SELF = YES;
				CLANG_WARN_OBJC_LITERAL_CONVERSION = YES;
				CLANG_WARN_OBJC_ROOT_CLASS = YES_ERROR;
				CLANG_WARN_QUOTED_INCLUDE_IN_FRAMEWORK_HEADER = YES;
				CLANG_WARN_RANGE_LOOP_ANALYSIS = YES;
				CLANG_WARN_STRICT_PROTOTYPES = YES;
				CLANG_WARN_SUSPICIOUS_MOVE = YES;
				CLANG_WARN_UNGUARDED_AVAILABILITY = YES_AGGRESSIVE;
				CLANG_WARN_UNREACHABLE_CODE = YES;
				CLANG_WARN__DUPLICATE_METHOD_MATCH = YES;
				COPY_PHASE_STRIP = NO;
				DEBUG_INFORMATION_FORMAT = "dwarf-with-dsym";
				ENABLE_NS_ASSERTIONS = NO;
				ENABLE_STRICT_OBJC_MSGSEND = YES;
				ENABLE_USER_SCRIPT_SANDBOXING = YES;
				GCC_C_LANGUAGE_STANDARD = gnu17;
				GCC_NO_COMMON_BLOCKS = YES;
				GCC_WARN_64_TO_32_BIT_CONVERSION = YES;
				GCC_WARN_ABOUT_RETURN_TYPE = YES_ERROR;
				GCC_WARN_UNDECLARED_SELECTOR = YES;
				GCC_WARN_UNINITIALIZED_AUTOS = YES_AGGRESSIVE;
				GCC_WARN_UNUSED_FUNCTION = YES;
				GCC_WARN_UNUSED_VARIABLE = YES;
				IPHONEOS_DEPLOYMENT_TARGET = 17.0;
				LOCALIZATION_PREFERS_STRING_CATALOGS = YES;
				MTL_ENABLE_DEBUG_INFO = NO;
				MTL_FAST_MATH = YES;
				SDKROOT = iphoneos;
				SWIFT_COMPILATION_MODE = wholemodule;
				VALIDATE_PRODUCT = YES;
			};
			name = Release;
		};
		1234567890ABCE08 /* Debug */ = {
			isa = XCBuildConfiguration;
			buildSettings = {
				ASSETCATALOG_COMPILER_APPICON_NAME = AppIcon;
				ASSETCATALOG_COMPILER_GLOBAL_ACCENT_COLOR_NAME = AccentColor;
				CODE_SIGN_STYLE = Automatic;
				CURRENT_PROJECT_VERSION = 1;
				DEVELOPMENT_ASSET_PATHS = "\"SpeedTestPro/Preview Content\"";
				ENABLE_PREVIEWS = YES;
				GENERATE_INFOPLIST_FILE = YES;
				INFOPLIST_FILE = SpeedTestPro/Info.plist;
				INFOPLIST_KEY_CFBundleDisplayName = "SpeedTest Pro";
				INFOPLIST_KEY_LSApplicationCategoryType = "public.app-category.utilities";
				INFOPLIST_KEY_NSLocationWhenInUseUsageDescription = "This app uses location to select the nearest speed test server for more accurate results.";
				INFOPLIST_KEY_UIApplicationSceneManifest_Generation = YES;
				INFOPLIST_KEY_UIApplicationSupportsIndirectInputEvents = YES;
				INFOPLIST_KEY_UILaunchScreen_Generation = YES;
				INFOPLIST_KEY_UILaunchStoryboardName = LaunchScreen.storyboard;
				INFOPLIST_KEY_UISupportedInterfaceOrientations = UIInterfaceOrientationPortrait;
				INFOPLIST_KEY_UISupportedInterfaceOrientations_iPad = "UIInterfaceOrientationLandscapeLeft UIInterfaceOrientationLandscapeRight UIInterfaceOrientationPortrait UIInterfaceOrientationPortraitUpsideDown";
				IPHONEOS_DEPLOYMENT_TARGET = 17.0;
				LD_RUNPATH_SEARCH_PATHS = (
					"$(inherited)",
					"@executable_path/Frameworks",
				);
				MARKETING_VERSION = 1.0;
				PRODUCT_BUNDLE_IDENTIFIER = com.speedtestpro.app;
				PRODUCT_NAME = "$(TARGET_NAME)";
				SWIFT_EMIT_LOC_STRINGS = YES;
				SWIFT_VERSION = 5.0;
				TARGETED_DEVICE_FAMILY = "1,2";
			};
			name = Debug;
		};
		1234567890ABCE09 /* Release */ = {
			isa = XCBuildConfiguration;
			buildSettings = {
				ASSETCATALOG_COMPILER_APPICON_NAME = AppIcon;
				ASSETCATALOG_COMPILER_GLOBAL_ACCENT_COLOR_NAME = AccentColor;
				CODE_SIGN_STYLE = Automatic;
				CURRENT_PROJECT_VERSION = 1;
				DEVELOPMENT_ASSET_PATHS = "\"SpeedTestPro/Preview Content\"";
				ENABLE_PREVIEWS = YES;
				GENERATE_INFOPLIST_FILE = YES;
				INFOPLIST_FILE = SpeedTestPro/Info.plist;
				INFOPLIST_KEY_CFBundleDisplayName = "SpeedTest Pro";
				INFOPLIST_KEY_LSApplicationCategoryType = "public.app-category.utilities";
				INFOPLIST_KEY_NSLocationWhenInUseUsageDescription = "This app uses location to select the nearest speed test server for more accurate results.";
				INFOPLIST_KEY_UIApplicationSceneManifest_Generation = YES;
				INFOPLIST_KEY_UIApplicationSupportsIndirectInputEvents = YES;
				INFOPLIST_KEY_UILaunchScreen_Generation = YES;
				INFOPLIST_KEY_UILaunchStoryboardName = LaunchScreen.storyboard;
				INFOPLIST_KEY_UISupportedInterfaceOrientations = UIInterfaceOrientationPortrait;
				INFOPLIST_KEY_UISupportedInterfaceOrientations_iPad = "UIInterfaceOrientationLandscapeLeft UIInterfaceOrientationLandscapeRight UIInterfaceOrientationPortrait UIInterfaceOrientationPortraitUpsideDown";
				IPHONEOS_DEPLOYMENT_TARGET = 17.0;
				LD_RUNPATH_SEARCH_PATHS = (
					"$(inherited)",
					"@executable_path/Frameworks",
				);
				MARKETING_VERSION = 1.0;
				PRODUCT_BUNDLE_IDENTIFIER = com.speedtestpro.app;
				PRODUCT_NAME = "$(TARGET_NAME)";
				SWIFT_EMIT_LOC_STRINGS = YES;
				SWIFT_VERSION = 5.0;
				TARGETED_DEVICE_FAMILY = "1,2";
			};
			name = Release;
		};
/* End XCBuildConfiguration section */

/* Begin XCConfigurationList section */
		1234567890ABCDD8 /* Build configuration list for PBXProject "SpeedTestPro" */ = {
			isa = XCConfigurationList;
			buildConfigurations = (
				1234567890ABCE06 /* Debug */,
				1234567890ABCE07 /* Release */,
			);
			defaultConfigurationIsVisible = 0;
			defaultConfigurationName = Release;
		};
		1234567890ABCE05 /* Build configuration list for PBXNativeTarget "SpeedTestPro" */ = {
			isa = XCConfigurationList;
			buildConfigurations = (
				1234567890ABCE08 /* Debug */,
				1234567890ABCE09 /* Release */,
			);
			defaultConfigurationIsVisible = 0;
			defaultConfigurationName = Release;
		};
/* End XCConfigurationList section */
	};
	rootObject = 1234567890ABCDD5 /* Project object */;
}