// !$*UTF8*$!
{
	archiveVersion = 1;
	classes = {
	};
	objectVersion = 56;
	objects = {

/* Begin PBXBuildFile section */
		1A001001280ABC1200000001 /* SpeedTestProApp.swift in Sources */ = {isa = PBXBuildFile; fileRef = 1A001000280ABC1200000001 /* SpeedTestProApp.swift */; };
		1A001003280ABC1200000001 /* ContentView.swift in Sources */ = {isa = PBXBuildFile; fileRef = 1A001002280ABC1200000001 /* ContentView.swift */; };
		1A001005280ABC1300000001 /* Assets.xcassets in Resources */ = {isa = PBXBuildFile; fileRef = 1A001004280ABC1300000001 /* Assets.xcassets */; };
		1A001008280ABC1300000001 /* Preview Assets.xcassets in Resources */ = {isa = PBXBuildFile; fileRef = 1A001007280ABC1300000001 /* Preview Assets.xcassets */; };
		1A001010280ABC2000000001 /* SpeedTestManager.swift in Sources */ = {isa = PBXBuildFile; fileRef = 1A00100F280ABC2000000001 /* SpeedTestManager.swift */; };
		1A001012280ABC3000000001 /* SpeedTestViewModel.swift in Sources */ = {isa = PBXBuildFile; fileRef = 1A001011280ABC3000000001 /* SpeedTestViewModel.swift */; };
		1A001014280ABC4000000001 /* TestHistory.swift in Sources */ = {isa = PBXBuildFile; fileRef = 1A001013280ABC4000000001 /* TestHistory.swift */; };
		1A001016280ABC5000000001 /* HomeView.swift in Sources */ = {isa = PBXBuildFile; fileRef = 1A001015280ABC5000000001 /* HomeView.swift */; };
		1A001018280ABC6000000001 /* TestResultsView.swift in Sources */ = {isa = PBXBuildFile; fileRef = 1A001017280ABC6000000001 /* TestResultsView.swift */; };
		1A00101A280ABC7000000001 /* HistoryView.swift in Sources */ = {isa = PBXBuildFile; fileRef = 1A001019280ABC7000000001 /* HistoryView.swift */; };
		1A00101C280ABC8000000001 /* SettingsView.swift in Sources */ = {isa = PBXBuildFile; fileRef = 1A00101B280ABC8000000001 /* SettingsView.swift */; };
		1A00101E280ABC9000000001 /* AppSettings.swift in Sources */ = {isa = PBXBuildFile; fileRef = 1A00101D280ABC9000000001 /* AppSettings.swift */; };
		1A001020280ABCA000000001 /* NetworkUtils.swift in Sources */ = {isa = PBXBuildFile; fileRef = 1A00101F280ABCA000000001 /* NetworkUtils.swift */; };
		1A001022280ABCB000000001 /* ServerModel.swift in Sources */ = {isa = PBXBuildFile; fileRef = 1A001021280ABCB000000001 /* ServerModel.swift */; };
		1A001024280ABCC000000001 /* ServerSelectionService.swift in Sources */ = {isa = PBXBuildFile; fileRef = 1A001023280ABCC000000001 /* ServerSelectionService.swift */; };
		1A001026280ABCD000000001 /* ServerSelectionView.swift in Sources */ = {isa = PBXBuildFile; fileRef = 1A001025280ABCD000000001 /* ServerSelectionView.swift */; };
		1A001028280ABCE000000001 /* ChartData.swift in Sources */ = {isa = PBXBuildFile; fileRef = 1A001027280ABCE000000001 /* ChartData.swift */; };
		1A00102A280ABCF000000001 /* RealTimeChartView.swift in Sources */ = {isa = PBXBuildFile; fileRef = 1A001029280ABCF000000001 /* RealTimeChartView.swift */; };
		1A00102C280ABD0000000001 /* HistoricalChartsView.swift in Sources */ = {isa = PBXBuildFile; fileRef = 1A00102B280ABD0000000001 /* HistoricalChartsView.swift */; };
		1A00102E280ABD1000000001 /* ScheduledTest.swift in Sources */ = {isa = PBXBuildFile; fileRef = 1A00102D280ABD1000000001 /* ScheduledTest.swift */; };
		1A001030280ABD2000000001 /* NotificationService.swift in Sources */ = {isa = PBXBuildFile; fileRef = 1A00102F280ABD2000000001 /* NotificationService.swift */; };
		1A001032280ABD3000000001 /* ScheduledTestsView.swift in Sources */ = {isa = PBXBuildFile; fileRef = 1A001031280ABD3000000001 /* ScheduledTestsView.swift */; };
		1A001034280ABD4000000001 /* NetworkDiagnosticsService.swift in Sources */ = {isa = PBXBuildFile; fileRef = 1A001033280ABD4000000001 /* NetworkDiagnosticsService.swift */; };
		1A001036280ABD5000000001 /* NetworkDiagnosticsView.swift in Sources */ = {isa = PBXBuildFile; fileRef = 1A001035280ABD5000000001 /* NetworkDiagnosticsView.swift */; };
/* End PBXBuildFile section */

/* Begin PBXFileReference section */
		1A000FFD280ABC1200000001 /* SpeedTestPro.app */ = {isa = PBXFileReference; explicitFileType = wrapper.application; includeInIndex = 0; path = SpeedTestPro.app; sourceTree = BUILT_PRODUCTS_DIR; };
		1A001000280ABC1200000001 /* SpeedTestProApp.swift */ = {isa = PBXFileReference; lastKnownFileType = sourcecode.swift; path = SpeedTestProApp.swift; sourceTree = "<group>"; };
		1A001002280ABC1200000001 /* ContentView.swift */ = {isa = PBXFileReference; lastKnownFileType = sourcecode.swift; path = ContentView.swift; sourceTree = "<group>"; };
		1A001004280ABC1300000001 /* Assets.xcassets */ = {isa = PBXFileReference; lastKnownFileType = folder.assetcatalog; path = Assets.xcassets; sourceTree = "<group>"; };
		1A001007280ABC1300000001 /* Preview Assets.xcassets */ = {isa = PBXFileReference; lastKnownFileType = folder.assetcatalog; path = "Preview Assets.xcassets"; sourceTree = "<group>"; };
		1A001009280ABC1300000001 /* Info.plist */ = {isa = PBXFileReference; lastKnownFileType = text.plist.xml; path = Info.plist; sourceTree = "<group>"; };
		1A00100F280ABC2000000001 /* SpeedTestManager.swift */ = {isa = PBXFileReference; lastKnownFileType = sourcecode.swift; path = SpeedTestManager.swift; sourceTree = "<group>"; };
		1A001011280ABC3000000001 /* SpeedTestViewModel.swift */ = {isa = PBXFileReference; lastKnownFileType = sourcecode.swift; path = SpeedTestViewModel.swift; sourceTree = "<group>"; };
		1A001013280ABC4000000001 /* TestHistory.swift */ = {isa = PBXFileReference; lastKnownFileType = sourcecode.swift; path = TestHistory.swift; sourceTree = "<group>"; };
		1A001015280ABC5000000001 /* HomeView.swift */ = {isa = PBXFileReference; lastKnownFileType = sourcecode.swift; path = HomeView.swift; sourceTree = "<group>"; };
		1A001017280ABC6000000001 /* TestResultsView.swift */ = {isa = PBXFileReference; lastKnownFileType = sourcecode.swift; path = TestResultsView.swift; sourceTree = "<group>"; };
		1A001019280ABC7000000001 /* HistoryView.swift */ = {isa = PBXFileReference; lastKnownFileType = sourcecode.swift; path = HistoryView.swift; sourceTree = "<group>"; };
		1A00101B280ABC8000000001 /* SettingsView.swift */ = {isa = PBXFileReference; lastKnownFileType = sourcecode.swift; path = SettingsView.swift; sourceTree = "<group>"; };
		1A00101D280ABC9000000001 /* AppSettings.swift */ = {isa = PBXFileReference; lastKnownFileType = sourcecode.swift; path = AppSettings.swift; sourceTree = "<group>"; };
		1A00101F280ABCA000000001 /* NetworkUtils.swift */ = {isa = PBXFileReference; lastKnownFileType = sourcecode.swift; path = NetworkUtils.swift; sourceTree = "<group>"; };
		1A001021280ABCB000000001 /* ServerModel.swift */ = {isa = PBXFileReference; lastKnownFileType = sourcecode.swift; path = ServerModel.swift; sourceTree = "<group>"; };
		1A001023280ABCC000000001 /* ServerSelectionService.swift */ = {isa = PBXFileReference; lastKnownFileType = sourcecode.swift; path = ServerSelectionService.swift; sourceTree = "<group>"; };
		1A001025280ABCD000000001 /* ServerSelectionView.swift */ = {isa = PBXFileReference; lastKnownFileType = sourcecode.swift; path = ServerSelectionView.swift; sourceTree = "<group>"; };
		1A001027280ABCE000000001 /* ChartData.swift */ = {isa = PBXFileReference; lastKnownFileType = sourcecode.swift; path = ChartData.swift; sourceTree = "<group>"; };
		1A001029280ABCF000000001 /* RealTimeChartView.swift */ = {isa = PBXFileReference; lastKnownFileType = sourcecode.swift; path = RealTimeChartView.swift; sourceTree = "<group>"; };
		1A00102B280ABD0000000001 /* HistoricalChartsView.swift */ = {isa = PBXFileReference; lastKnownFileType = sourcecode.swift; path = HistoricalChartsView.swift; sourceTree = "<group>"; };
		1A00102D280ABD1000000001 /* ScheduledTest.swift */ = {isa = PBXFileReference; lastKnownFileType = sourcecode.swift; path = ScheduledTest.swift; sourceTree = "<group>"; };
		1A00102F280ABD2000000001 /* NotificationService.swift */ = {isa = PBXFileReference; lastKnownFileType = sourcecode.swift; path = NotificationService.swift; sourceTree = "<group>"; };
		1A001031280ABD3000000001 /* ScheduledTestsView.swift */ = {isa = PBXFileReference; lastKnownFileType = sourcecode.swift; path = ScheduledTestsView.swift; sourceTree = "<group>"; };
		1A001033280ABD4000000001 /* NetworkDiagnosticsService.swift */ = {isa = PBXFileReference; lastKnownFileType = sourcecode.swift; path = NetworkDiagnosticsService.swift; sourceTree = "<group>"; };
		1A001035280ABD5000000001 /* NetworkDiagnosticsView.swift */ = {isa = PBXFileReference; lastKnownFileType = sourcecode.swift; path = NetworkDiagnosticsView.swift; sourceTree = "<group>"; };
/* End PBXFileReference section */

/* Begin PBXFrameworksBuildPhase section */
		1A000FFA280ABC1200000001 /* Frameworks */ = {
			isa = PBXFrameworksBuildPhase;
			buildActionMask = 2147483647;
			files = (
			);
			runOnlyForDeploymentPostprocessing = 0;
		};
/* End PBXFrameworksBuildPhase section */

/* Begin PBXGroup section */
		1A000FF4280ABC1200000001 = {
			isa = PBXGroup;
			children = (
				1A000FFF280ABC1200000001 /* SpeedTestPro */,
				1A000FFE280ABC1200000001 /* Products */,
			);
			sourceTree = "<group>";
		};
		1A000FFE280ABC1200000001 /* Products */ = {
			isa = PBXGroup;
			children = (
				1A000FFD280ABC1200000001 /* SpeedTestPro.app */,
			);
			name = Products;
			sourceTree = "<group>";
		};
		1A000FFF280ABC1200000001 /* SpeedTestPro */ = {
			isa = PBXGroup;
			children = (
				1A001000280ABC1200000001 /* SpeedTestProApp.swift */,
				1A001037280ABD6000000001 /* Views */,
				1A001038280ABD7000000001 /* ViewModels */,
				1A001039280ABD8000000001 /* Models */,
				1A00103A280ABD9000000001 /* Services */,
				1A00103B280ABDA000000001 /* Utils */,
				1A001004280ABC1300000001 /* Assets.xcassets */,
				1A001009280ABC1300000001 /* Info.plist */,
				1A001006280ABC1300000001 /* Preview Content */,
			);
			path = SpeedTestPro;
			sourceTree = "<group>";
		};
		1A001006280ABC1300000001 /* Preview Content */ = {
			isa = PBXGroup;
			children = (
				1A001007280ABC1300000001 /* Preview Assets.xcassets */,
			);
			path = "Preview Content";
			sourceTree = "<group>";
		};
		1A001037280ABD6000000001 /* Views */ = {
			isa = PBXGroup;
			children = (
				1A001002280ABC1200000001 /* ContentView.swift */,
				1A001015280ABC5000000001 /* HomeView.swift */,
				1A001017280ABC6000000001 /* TestResultsView.swift */,
				1A001019280ABC7000000001 /* HistoryView.swift */,
				1A00101B280ABC8000000001 /* SettingsView.swift */,
				1A001025280ABCD000000001 /* ServerSelectionView.swift */,
				1A001029280ABCF000000001 /* RealTimeChartView.swift */,
				1A00102B280ABD0000000001 /* HistoricalChartsView.swift */,
				1A001031280ABD3000000001 /* ScheduledTestsView.swift */,
				1A001035280ABD5000000001 /* NetworkDiagnosticsView.swift */,
			);
			path = Views;
			sourceTree = "<group>";
		};
		1A001038280ABD7000000001 /* ViewModels */ = {
			isa = PBXGroup;
			children = (
				1A001011280ABC3000000001 /* SpeedTestViewModel.swift */,
			);
			path = ViewModels;
			sourceTree = "<group>";
		};
		1A001039280ABD8000000001 /* Models */ = {
			isa = PBXGroup;
			children = (
				1A001013280ABC4000000001 /* TestHistory.swift */,
				1A00101D280ABC9000000001 /* AppSettings.swift */,
				1A001021280ABCB000000001 /* ServerModel.swift */,
				1A001027280ABCE000000001 /* ChartData.swift */,
				1A00102D280ABD1000000001 /* ScheduledTest.swift */,
			);
			path = Models;
			sourceTree = "<group>";
		};
		1A00103A280ABD9000000001 /* Services */ = {
			isa = PBXGroup;
			children = (
				1A00100F280ABC2000000001 /* SpeedTestManager.swift */,
				1A001023280ABCC000000001 /* ServerSelectionService.swift */,
				1A00102F280ABD2000000001 /* NotificationService.swift */,
				1A001033280ABD4000000001 /* NetworkDiagnosticsService.swift */,
			);
			path = Services;
			sourceTree = "<group>";
		};
		1A00103B280ABDA000000001 /* Utils */ = {
			isa = PBXGroup;
			children = (
				1A00101F280ABCA000000001 /* NetworkUtils.swift */,
			);
			path = Utils;
			sourceTree = "<group>";
		};
/* End PBXGroup section */

/* Begin PBXNativeTarget section */
		1A000FFC280ABC1200000001 /* SpeedTestPro */ = {
			isa = PBXNativeTarget;
			buildConfigurationList = 1A00100C280ABC1300000001 /* Build configuration list for PBXNativeTarget "SpeedTestPro" */;
			buildPhases = (
				1A000FF9280ABC1200000001 /* Sources */,
				1A000FFA280ABC1200000001 /* Frameworks */,
				1A000FFB280ABC1200000001 /* Resources */,
			);
			buildRules = (
			);
			dependencies = (
			);
			name = SpeedTestPro;
			productName = SpeedTestPro;
			productReference = 1A000FFD280ABC1200000001 /* SpeedTestPro.app */;
			productType = "com.apple.product-type.application";
		};
/* End PBXNativeTarget section */

/* Begin PBXProject section */
		1A000FF5280ABC1200000001 /* Project object */ = {
			isa = PBXProject;
			attributes = {
				BuildIndependentTargetsInParallel = 1;
				LastSwiftUpdateCheck = 1500;
				LastUpgradeCheck = 1500;
				TargetAttributes = {
					1A000FFC280ABC1200000001 = {
						CreatedOnToolsVersion = 15.0;
					};
				};
			};
			buildConfigurationList = 1A000FF8280ABC1200000001 /* Build configuration list for PBXProject "SpeedTestPro" */;
			compatibilityVersion = "Xcode 14.0";
			developmentRegion = en;
			hasScannedForEncodings = 0;
			knownRegions = (
				en,
				Base,
			);
			mainGroup = 1A000FF4280ABC1200000001;
			productRefGroup = 1A000FFE280ABC1200000001 /* Products */;
			projectDirPath = "";
			projectRoot = "";
			targets = (
				1A000FFC280ABC1200000001 /* SpeedTestPro */,
			);
		};
/* End PBXProject section */

/* Begin PBXResourcesBuildPhase section */
		1A000FFB280ABC1200000001 /* Resources */ = {
			isa = PBXResourcesBuildPhase;
			buildActionMask = 2147483647;
			files = (
				1A001008280ABC1300000001 /* Preview Assets.xcassets in Resources */,
				1A001005280ABC1300000001 /* Assets.xcassets in Resources */,
			);
			runOnlyForDeploymentPostprocessing = 0;
		};
/* End PBXResourcesBuildPhase section */

/* Begin PBXSourcesBuildPhase section */
		1A000FF9280ABC1200000001 /* Sources */ = {
			isa = PBXSourcesBuildPhase;
			buildActionMask = 2147483647;
			files = (
				1A001003280ABC1200000001 /* ContentView.swift in Sources */,
				1A001001280ABC1200000001 /* SpeedTestProApp.swift in Sources */,
				1A001010280ABC2000000001 /* SpeedTestManager.swift in Sources */,
				1A001012280ABC3000000001 /* SpeedTestViewModel.swift in Sources */,
				1A001014280ABC4000000001 /* TestHistory.swift in Sources */,
				1A001016280ABC5000000001 /* HomeView.swift in Sources */,
				1A001018280ABC6000000001 /* TestResultsView.swift in Sources */,
				1A00101A280ABC7000000001 /* HistoryView.swift in Sources */,
				1A00101C280ABC8000000001 /* SettingsView.swift in Sources */,
				1A00101E280ABC9000000001 /* AppSettings.swift in Sources */,
				1A001020280ABCA000000001 /* NetworkUtils.swift in Sources */,
				1A001022280ABCB000000001 /* ServerModel.swift in Sources */,
				1A001024280ABCC000000001 /* ServerSelectionService.swift in Sources */,
				1A001026280ABCD000000001 /* ServerSelectionView.swift in Sources */,
				1A001028280ABCE000000001 /* ChartData.swift in Sources */,
				1A00102A280ABCF000000001 /* RealTimeChartView.swift in Sources */,
				1A00102C280ABD0000000001 /* HistoricalChartsView.swift in Sources */,
				1A00102E280ABD1000000001 /* ScheduledTest.swift in Sources */,
				1A001030280ABD2000000001 /* NotificationService.swift in Sources */,
				1A001032280ABD3000000001 /* ScheduledTestsView.swift in Sources */,
				1A001034280ABD4000000001 /* NetworkDiagnosticsService.swift in Sources */,
				1A001036280ABD5000000001 /* NetworkDiagnosticsView.swift in Sources */,
			);
			runOnlyForDeploymentPostprocessing = 0;
		};
/* End PBXSourcesBuildPhase section */

/* Begin XCBuildConfiguration section */
		1A00100A280ABC1300000001 /* Debug */ = {
			isa = XCBuildConfiguration;
			buildSettings = {
				ALWAYS_SEARCH_USER_PATHS = NO;
				ASSETCATALOG_COMPILER_GENERATE_SWIFT_ASSET_SYMBOL_EXTENSIONS = YES;
				CLANG_ANALYZER_NONNULL = YES;
				CLANG_ANALYZER_NUMBER_OBJECT_CONVERSION = YES_AGGRESSIVE;
				CLANG_CXX_LANGUAGE_STANDARD = "gnu++20";
				CLANG_ENABLE_MODULES = YES;
				CLANG_ENABLE_OBJC_ARC = YES;
				CLANG_ENABLE_OBJC_WEAK = YES;
				CLANG_WARN_BLOCK_CAPTURE_AUTORELEASING = YES;
				CLANG_WARN_BOOL_CONVERSION = YES;
				CLANG_WARN_COMMA = YES;
				CLANG_WARN_CONSTANT_CONVERSION = YES;
				CLANG_WARN_DEPRECATED_OBJC_IMPLEMENTATIONS = YES;
				CLANG_WARN_DIRECT_OBJC_ISA_USAGE = YES_ERROR;
				CLANG_WARN_DOCUMENTATION_COMMENTS = YES;
				CLANG_WARN_EMPTY_BODY = YES;
				CLANG_WARN_ENUM_CONVERSION = YES;
				CLANG_WARN_INFINITE_RECURSION = YES;
				CLANG_WARN_INT_CONVERSION = YES;
				CLANG_WARN_NON_LITERAL_NULL_CONVERSION = YES;
				CLANG_WARN_OBJC_IMPLICIT_RETAIN_SELF = YES;
				CLANG_WARN_OBJC_LITERAL_CONVERSION = YES;
				CLANG_WARN_OBJC_ROOT_CLASS = YES_ERROR;
				CLANG_WARN_QUOTED_INCLUDE_IN_FRAMEWORK_HEADER = YES;
				CLANG_WARN_RANGE_LOOP_ANALYSIS = YES;
				CLANG_WARN_STRICT_PROTOTYPES = YES;
				CLANG_WARN_SUSPICIOUS_MOVE = YES;
				CLANG_WARN_UNGUARDED_AVAILABILITY = YES_AGGRESSIVE;
				CLANG_WARN_UNREACHABLE_CODE = YES;
				CLANG_WARN__DUPLICATE_METHOD_MATCH = YES;
				COPY_PHASE_STRIP = NO;
				DEBUG_INFORMATION_FORMAT = dwarf;
				ENABLE_STRICT_OBJC_MSGSEND = YES;
				ENABLE_TESTABILITY = YES;
				ENABLE_USER_SCRIPT_SANDBOXING = YES;
				GCC_C_LANGUAGE_STANDARD = gnu17;
				GCC_DYNAMIC_NO_PIC = NO;
				GCC_NO_COMMON_BLOCKS = YES;
				GCC_OPTIMIZATION_LEVEL = 0;
				GCC_PREPROCESSOR_DEFINITIONS = (
					"DEBUG=1",
					"$(inherited)",
				);
				GCC_WARN_64_TO_32_BIT_CONVERSION = YES;
				GCC_WARN_ABOUT_RETURN_TYPE = YES_ERROR;
				GCC_WARN_UNDECLARED_SELECTOR = YES;
				GCC_WARN_UNINITIALIZED_AUTOS = YES_AGGRESSIVE;
				GCC_WARN_UNUSED_FUNCTION = YES;
				GCC_WARN_UNUSED_VARIABLE = YES;
				IPHONEOS_DEPLOYMENT_TARGET = 17.0;
				LOCALIZATION_PREFERS_STRING_CATALOGS = YES;
				MTL_ENABLE_DEBUG_INFO = INCLUDE_SOURCE;
				MTL_FAST_MATH = YES;
				ONLY_ACTIVE_ARCH = YES;
				SDKROOT = iphoneos;
				SWIFT_ACTIVE_COMPILATION_CONDITIONS = "DEBUG $(inherited)";
				SWIFT_OPTIMIZATION_LEVEL = "-Onone";
			};
			name = Debug;
		};
		1A00100B280ABC1300000001 /* Release */ = {
			isa = XCBuildConfiguration;
			buildSettings = {
				ALWAYS_SEARCH_USER_PATHS = NO;
				ASSETCATALOG_COMPILER_GENERATE_SWIFT_ASSET_SYMBOL_EXTENSIONS = YES;
				CLANG_ANALYZER_NONNULL = YES;
				CLANG_ANALYZER_NUMBER_OBJECT_CONVERSION = YES_AGGRESSIVE;
				CLANG_CXX_LANGUAGE_STANDARD = "gnu++20";
				CLANG_ENABLE_MODULES = YES;
				CLANG_ENABLE_OBJC_ARC = YES;
				CLANG_ENABLE_OBJC_WEAK = YES;
				CLANG_WARN_BLOCK_CAPTURE_AUTORELEASING = YES;
				CLANG_WARN_BOOL_CONVERSION = YES;
				CLANG_WARN_COMMA = YES;
				CLANG_WARN_CONSTANT_CONVERSION = YES;
				CLANG_WARN_DEPRECATED_OBJC_IMPLEMENTATIONS = YES;
				CLANG_WARN_DIRECT_OBJC_ISA_USAGE = YES_ERROR;
				CLANG_WARN_DOCUMENTATION_COMMENTS = YES;
				CLANG_WARN_EMPTY_BODY = YES;
				CLANG_WARN_ENUM_CONVERSION = YES;
				CLANG_WARN_INFINITE_RECURSION = YES;
				CLANG_WARN_INT_CONVERSION = YES;
				CLANG_WARN_NON_LITERAL_NULL_CONVERSION = YES;
				CLANG_WARN_OBJC_IMPLICIT_RETAIN_SELF = YES;
				CLANG_WARN_OBJC_LITERAL_CONVERSION = YES;
				CLANG_WARN_OBJC_ROOT_CLASS = YES_ERROR;
				CLANG_WARN_QUOTED_INCLUDE_IN_FRAMEWORK_HEADER = YES;
				CLANG_WARN_RANGE_LOOP_ANALYSIS = YES;
				CLANG_WARN_STRICT_PROTOTYPES = YES;
				CLANG_WARN_SUSPICIOUS_MOVE = YES;
				CLANG_WARN_UNGUARDED_AVAILABILITY = YES_AGGRESSIVE;
				CLANG_WARN_UNREACHABLE_CODE = YES;
				CLANG_WARN__DUPLICATE_METHOD_MATCH = YES;
				COPY_PHASE_STRIP = NO;
				DEBUG_INFORMATION_FORMAT = "dwarf-with-dsym";
				ENABLE_NS_ASSERTIONS = NO;
				ENABLE_STRICT_OBJC_MSGSEND = YES;
				ENABLE_USER_SCRIPT_SANDBOXING = YES;
				GCC_C_LANGUAGE_STANDARD = gnu17;
				GCC_NO_COMMON_BLOCKS = YES;
				GCC_WARN_64_TO_32_BIT_CONVERSION = YES;
				GCC_WARN_ABOUT_RETURN_TYPE = YES_ERROR;
				GCC_WARN_UNDECLARED_SELECTOR = YES;
				GCC_WARN_UNINITIALIZED_AUTOS = YES_AGGRESSIVE;
				GCC_WARN_UNUSED_FUNCTION = YES;
				GCC_WARN_UNUSED_VARIABLE = YES;
				IPHONEOS_DEPLOYMENT_TARGET = 17.0;
				LOCALIZATION_PREFERS_STRING_CATALOGS = YES;
				MTL_ENABLE_DEBUG_INFO = NO;
				MTL_FAST_MATH = YES;
				SDKROOT = iphoneos;
				SWIFT_COMPILATION_MODE = wholemodule;
				VALIDATE_PRODUCT = YES;
			};
			name = Release;
		};
		1A00100D280ABC1300000001 /* Debug */ = {
			isa = XCBuildConfiguration;
			buildSettings = {
				ASSETCATALOG_COMPILER_APPICON_NAME = AppIcon;
				ASSETCATALOG_COMPILER_GLOBAL_ACCENT_COLOR_NAME = AccentColor;
				CODE_SIGN_STYLE = Automatic;
				CURRENT_PROJECT_VERSION = 1;
				DEVELOPMENT_ASSET_PATHS = "\"SpeedTestPro/Preview Content\"";
				ENABLE_PREVIEWS = YES;
				GENERATE_INFOPLIST_FILE = NO;
				INFOPLIST_FILE = SpeedTestPro/Info.plist;
				INFOPLIST_KEY_UIApplicationSceneManifest_Generation = YES;
				INFOPLIST_KEY_UIApplicationSupportsIndirectInputEvents = YES;
				INFOPLIST_KEY_UILaunchScreen_Generation = YES;
				INFOPLIST_KEY_UISupportedInterfaceOrientations_iPad = "UIInterfaceOrientationPortrait UIInterfaceOrientationPortraitUpsideDown UIInterfaceOrientationLandscapeLeft UIInterfaceOrientationLandscapeRight";
				INFOPLIST_KEY_UISupportedInterfaceOrientations_iPhone = "UIInterfaceOrientationPortrait UIInterfaceOrientationLandscapeLeft UIInterfaceOrientationLandscapeRight";
				LD_RUNPATH_SEARCH_PATHS = (
					"$(inherited)",
					"@executable_path/Frameworks",
				);
				MARKETING_VERSION = 1.0;
				PRODUCT_BUNDLE_IDENTIFIER = com.example.SpeedTestPro;
				PRODUCT_NAME = "$(TARGET_NAME)";
				SWIFT_EMIT_LOC_STRINGS = YES;
				SWIFT_VERSION = 5.0;
				TARGETED_DEVICE_FAMILY = "1,2";
			};
			name = Debug;
		};
		1A00100E280ABC1300000001 /* Release */ = {
			isa = XCBuildConfiguration;
			buildSettings = {
				ASSETCATALOG_COMPILER_APPICON_NAME = AppIcon;
				ASSETCATALOG_COMPILER_GLOBAL_ACCENT_COLOR_NAME = AccentColor;
				CODE_SIGN_STYLE = Automatic;
				CURRENT_PROJECT_VERSION = 1;
				DEVELOPMENT_ASSET_PATHS = "\"SpeedTestPro/Preview Content\"";
				ENABLE_PREVIEWS = YES;
				GENERATE_INFOPLIST_FILE = NO;
				INFOPLIST_FILE = SpeedTestPro/Info.plist;
				INFOPLIST_KEY_UIApplicationSceneManifest_Generation = YES;
				INFOPLIST_KEY_UIApplicationSupportsIndirectInputEvents = YES;
				INFOPLIST_KEY_UILaunchScreen_Generation = YES;
				INFOPLIST_KEY_UISupportedInterfaceOrientations_iPad = "UIInterfaceOrientationPortrait UIInterfaceOrientationPortraitUpsideDown UIInterfaceOrientationLandscapeLeft UIInterfaceOrientationLandscapeRight";
				INFOPLIST_KEY_UISupportedInterfaceOrientations_iPhone = "UIInterfaceOrientationPortrait UIInterfaceOrientationLandscapeLeft UIInterfaceOrientationLandscapeRight";
				LD_RUNPATH_SEARCH_PATHS = (
					"$(inherited)",
					"@executable_path/Frameworks",
				);
				MARKETING_VERSION = 1.0;
				PRODUCT_BUNDLE_IDENTIFIER = com.example.SpeedTestPro;
				PRODUCT_NAME = "$(TARGET_NAME)";
				SWIFT_EMIT_LOC_STRINGS = YES;
				SWIFT_VERSION = 5.0;
				TARGETED_DEVICE_FAMILY = "1,2";
			};
			name = Release;
		};
/* End XCBuildConfiguration section */

/* Begin XCConfigurationList section */
		1A000FF8280ABC1200000001 /* Build configuration list for PBXProject "SpeedTestPro" */ = {
			isa = XCConfigurationList;
			buildConfigurations = (
				1A00100A280ABC1300000001 /* Debug */,
				1A00100B280ABC1300000001 /* Release */,
			);
			defaultConfigurationIsVisible = 0;
			defaultConfigurationName = Release;
		};
		1A00100C280ABC1300000001 /* Build configuration list for PBXNativeTarget "SpeedTestPro" */ = {
			isa = XCConfigurationList;
			buildConfigurations = (
				1A00100D280ABC1300000001 /* Debug */,
				1A00100E280ABC1300000001 /* Release */,
			);
			defaultConfigurationIsVisible = 0;
			defaultConfigurationName = Release;
		};
/* End XCConfigurationList section */
	};
	rootObject = 1A000FF5280ABC1200000001 /* Project object */;
}
